<?xml version="1.0" encoding="UTF-8"?>
<Scheme
   version = "1.3">
   <BuildAction>
      <BuildActionEntries>
         <BuildActionEntry
            buildForRunning = "YES">
            <BuildableReference
               BuildableIdentifier = "primary"
               BlueprintIdentifier = "CB4AE15B16C9557A0083D29F"
               BuildableName = "TransitExampleIOS.app"
               BlueprintName = "TransitExampleIOS"
               ReferencedContainer = "container:TransitExampleIOS.xcodeproj">
            </BuildableReference>
         </BuildActionEntry>
      </BuildActionEntries>
   </BuildAction>
   <LaunchAction
      useCustomWorkingDirectory = "NO"
      buildConfiguration = "Debug">
      <BuildableProductRunnable>
         <BuildableReference
            BuildableIdentifier = "primary"
            BlueprintIdentifier = "CB4AE15B16C9557A0083D29F"
            BuildableName = "TransitExampleIOS.app"
            BlueprintName = "TransitExampleIOS"
            ReferencedContainer = "container:TransitExampleIOS.xcodeproj">
         </BuildableReference>
      </BuildableProductRunnable>
   </LaunchAction>
</Scheme>
