PODS:
  - SBJson (3.2)
  - Transit (0.0.2):
    - SBJson (~> 3.2)

DEPENDENCIES:
  - SBJson
  - Transit (from `../..`)

EXTERNAL SOURCES:
  Transit:
    :path: ../..

SPEC CHECKSUMS:
  SBJson: e60b4dc22448c2ae1e754b523a4ab53408e85c8d
  Transit: f05f23b097a1b0567212a481d37afcc892f2c688

COCOAPODS: 0.21.0.rc1
